
Microsoft Visual Studio Solution File, Format Version 12.00
# Visual Studio Version 17
VisualStudioVersion = 17.8.34408.163
MinimumVisualStudioVersion = 10.0.40219.1
Project("{FAE04EC0-301F-11D3-BF4B-00C04F79EFBC}") = "AnydeskAlwaysOn", "AnydeskAlwaysOn\AnydeskAlwaysOn.csproj", "{4042EC76-514B-42D9-B386-519F2E6CE3A0}"
EndProject
Global
	GlobalSection(SolutionConfigurationPlatforms) = preSolution
		Debug|Any CPU = Debug|Any CPU
		Release|Any CPU = Release|Any CPU
	EndGlobalSection
	GlobalSection(ProjectConfigurationPlatforms) = postSolution
		{4042EC76-514B-42D9-B386-519F2E6CE3A0}.Debug|Any CPU.ActiveCfg = Debug|Any CPU
		{4042EC76-514B-42D9-B386-519F2E6CE3A0}.Debug|Any CPU.Build.0 = Debug|Any CPU
		{4042EC76-514B-42D9-B386-519F2E6CE3A0}.Release|Any CPU.ActiveCfg = Release|Any CPU
		{4042EC76-514B-42D9-B386-519F2E6CE3A0}.Release|Any CPU.Build.0 = Release|Any CPU
	EndGlobalSection
	GlobalSection(SolutionProperties) = preSolution
		HideSolutionNode = FALSE
	EndGlobalSection
	GlobalSection(ExtensibilityGlobals) = postSolution
		SolutionGuid = {49194B9D-BD25-4870-A72F-5FFFD5B6DDCB}
	EndGlobalSection
EndGlobal
